github.com/gorilla/websocket v1.4.1/go.mod h1:YR8l580nyteQvAITg2hZ9XVh4b55+EU/adAjf1fMHhE=
github.com/quii/learn-go-with-tests v0.0.0-20191221154403-45011738dd85 h1:Yk0wZLdTc+L1xn42y+06gjNu5uRYeihYjnu1xngV/yQ=
github.com/quii/learn-go-with-tests v0.0.0-20191221154403-45011738dd85/go.mod h1:H/REprI8wpO8P7GQBU96p2Tfw6rpCakOmRdxyNWTkvY=
